
Microsoft Visual Studio Solution File, Format Version 12.00
# Visual Studio Version 17
VisualStudioVersion = 17.8.34330.188
MinimumVisualStudioVersion = 10.0.40219.1
Project("{FAE04EC0-301F-11D3-BF4B-00C04F79EFBC}") = "CropCare", "CropCare\CropCare.csproj", "{026E2F43-0242-4333-A3E8-E2CCD6A40E89}"
EndProject
Global
	GlobalSection(SolutionConfigurationPlatforms) = preSolution
		Debug|Any CPU = Debug|Any CPU
		Release|Any CPU = Release|Any CPU
	EndGlobalSection
	GlobalSection(ProjectConfigurationPlatforms) = postSolution
		{026E2F43-0242-4333-A3E8-E2CCD6A40E89}.Debug|Any CPU.ActiveCfg = Debug|Any CPU
		{026E2F43-0242-4333-A3E8-E2CCD6A40E89}.Debug|Any CPU.Build.0 = Debug|Any CPU
		{026E2F43-0242-4333-A3E8-E2CCD6A40E89}.Debug|Any CPU.Deploy.0 = Debug|Any CPU
		{026E2F43-0242-4333-A3E8-E2CCD6A40E89}.Release|Any CPU.ActiveCfg = Release|Any CPU
		{026E2F43-0242-4333-A3E8-E2CCD6A40E89}.Release|Any CPU.Build.0 = Release|Any CPU
		{026E2F43-0242-4333-A3E8-E2CCD6A40E89}.Release|Any CPU.Deploy.0 = Release|Any CPU
	EndGlobalSection
	GlobalSection(SolutionProperties) = preSolution
		HideSolutionNode = FALSE
	EndGlobalSection
	GlobalSection(ExtensibilityGlobals) = postSolution
		SolutionGuid = {8C7744FC-25CF-4199-A9DD-143C0F4BE202}
	EndGlobalSection
EndGlobal
